
Microsoft Visual Studio Solution File, Format Version 12.00
# Visual Studio Version 16
VisualStudioVersion = 16.0.30907.101
MinimumVisualStudioVersion = 10.0.40219.1
Project("{FAE04EC0-301F-11D3-BF4B-00C04F79EFBC}") = "AdvancedPDF", "AdvancedPDF\AdvancedPDF.csproj", "{5F743ED0-C97C-4C46-95EF-CF720BBE6EB3}"
EndProject
Global
	GlobalSection(SolutionConfigurationPlatforms) = preSolution
		Debug|Any CPU = Debug|Any CPU
		Release|Any CPU = Release|Any CPU
	EndGlobalSection
	GlobalSection(ProjectConfigurationPlatforms) = postSolution
		{5F743ED0-C97C-4C46-95EF-CF720BBE6EB3}.Debug|Any CPU.ActiveCfg = Debug|Any CPU
		{5F743ED0-C97C-4C46-95EF-CF720BBE6EB3}.Debug|Any CPU.Build.0 = Debug|Any CPU
		{5F743ED0-C97C-4C46-95EF-CF720BBE6EB3}.Release|Any CPU.ActiveCfg = Release|Any CPU
		{5F743ED0-C97C-4C46-95EF-CF720BBE6EB3}.Release|Any CPU.Build.0 = Release|Any CPU
	EndGlobalSection
	GlobalSection(SolutionProperties) = preSolution
		HideSolutionNode = FALSE
	EndGlobalSection
	GlobalSection(ExtensibilityGlobals) = postSolution
		SolutionGuid = {EB861E76-12EF-4488-B96F-BEE4FE66E915}
	EndGlobalSection
EndGlobal
